
Microsoft Visual Studio Solution File, Format Version 12.00
# Visual Studio Version 17
VisualStudioVersion = 17.6.33829.357
MinimumVisualStudioVersion = 10.0.40219.1
Project("{9A19103F-16F7-4668-BE54-9A1E7A4F7556}") = "DiscordBot", "DiscordBot.csproj", "{C4F34E45-BFAF-4633-A0E3-27C5DB72FFAD}"
EndProject
Global
	GlobalSection(SolutionConfigurationPlatforms) = preSolution
		Debug|Any CPU = Debug|Any CPU
		Release|Any CPU = Release|Any CPU
	EndGlobalSection
	GlobalSection(ProjectConfigurationPlatforms) = postSolution
		{C4F34E45-BFAF-4633-A0E3-27C5DB72FFAD}.Debug|Any CPU.ActiveCfg = Debug|Any CPU
		{C4F34E45-BFAF-4633-A0E3-27C5DB72FFAD}.Debug|Any CPU.Build.0 = Debug|Any CPU
		{C4F34E45-BFAF-4633-A0E3-27C5DB72FFAD}.Release|Any CPU.ActiveCfg = Release|Any CPU
		{C4F34E45-BFAF-4633-A0E3-27C5DB72FFAD}.Release|Any CPU.Build.0 = Release|Any CPU
	EndGlobalSection
	GlobalSection(SolutionProperties) = preSolution
		HideSolutionNode = FALSE
	EndGlobalSection
	GlobalSection(ExtensibilityGlobals) = postSolution
		SolutionGuid = {46C8C4F0-2C5F-4C7F-BE2E-2D3C270D2346}
	EndGlobalSection
EndGlobal
